{
  "name": "service",
  "lockfileVersion": 3,
  "requires": true,
  "packages": {
    "../../../../../.nvm/versions/node/v18.20.2/lib/node_modules/@knaw-huc/browser-base-react": {
      "version": "0.0.10",
      "extraneous": true,
      "devDependencies": {
        "@rollup/plugin-commonjs": "^25.0.7",
        "@rollup/plugin-node-resolve": "^15.2.3",
        "@rollup/plugin-terser": "^0.4.4",
        "@rollup/plugin-typescript": "^11.1.6",
        "@types/node": "^20.11.24",
        "@types/react": "^18.2.61",
        "@types/react-dom": "^18.2.19",
        "react": "^18.2.0",
        "react-dom": "^18.2.0",
        "react-router-dom": "^6.22.2",
        "rollup": "4.12.1",
        "rollup-plugin-dts": "^6.1.0",
        "rollup-plugin-peer-deps-external": "^2.2.4",
        "rollup-plugin-postcss": "^4.0.2",
        "tslib": "^2.6.2",
        "typescript": "^5.3.3"
      },
      "peerDependencies": {
        "react": "^18.0.0",
        "react-router-dom": "^6.4.0"
      },
      "peerDependenciesMeta": {
        "react-router-dom": {
          "optional": true
        }
      }
    }
  }
}
